// !$*UTF8*$!
{
	archiveVersion = 1;
	classes = {
	};
	objectVersion = 50;
	objects = {

/* Begin PBXBuildFile section */
		ECF0F18C23F57F4C00A149CD /* AppDelegate.swift in Sources */ = {isa = PBXBuildFile; fileRef = ECF0F18B23F57F4C00A149CD /* AppDelegate.swift */; };
		ECF0F18E23F57F4C00A149CD /* SceneDelegate.swift in Sources */ = {isa = PBXBuildFile; fileRef = ECF0F18D23F57F4C00A149CD /* SceneDelegate.swift */; };
		ECF0F19023F57F4C00A149CD /* ViewController.swift in Sources */ = {isa = PBXBuildFile; fileRef = ECF0F18F23F57F4C00A149CD /* ViewController.swift */; };
		ECF0F19323F57F4C00A149CD /* Main.storyboard in Resources */ = {isa = PBXBuildFile; fileRef = ECF0F19123F57F4C00A149CD /* Main.storyboard */; };
		ECF0F19523F57F4E00A149CD /* Assets.xcassets in Resources */ = {isa = PBXBuildFile; fileRef = ECF0F19423F57F4E00A149CD /* Assets.xcassets */; };
		ECF0F19823F57F4E00A149CD /* LaunchScreen.storyboard in Resources */ = {isa = PBXBuildFile; fileRef = ECF0F19623F57F4E00A149CD /* LaunchScreen.storyboard */; };
		ECF0F1A323F57F4E00A149CD /* MyAppTests.swift in Sources */ = {isa = PBXBuildFile; fileRef = ECF0F1A223F57F4E00A149CD /* MyAppTests.swift */; };
		ECF0F1AE23F57F4E00A149CD /* MyAppUITests.swift in Sources */ = {isa = PBXBuildFile; fileRef = ECF0F1AD23F57F4E00A149CD /* MyAppUITests.swift */; };
/* End PBXBuildFile section */

/* Begin PBXContainerItemProxy section */
		ECF0F19F23F57F4E00A149CD /* PBXContainerItemProxy */ = {
			isa = PBXContainerItemProxy;
			containerPortal = ECF0F18023F57F4C00A149CD /* Project object */;
			proxyType = 1;
			remoteGlobalIDString = ECF0F18723F57F4C00A149CD;
			remoteInfo = MyApp;
		};
		ECF0F1AA23F57F4E00A149CD /* PBXContainerItemProxy */ = {
			isa = PBXContainerItemProxy;
			containerPortal = ECF0F18023F57F4C00A149CD /* Project object */;
			proxyType = 1;
			remoteGlobalIDString = ECF0F18723F57F4C00A149CD;
			remoteInfo = MyApp;
		};
/* End PBXContainerItemProxy section */

/* Begin PBXFileReference section */
		ECF0F18823F57F4C00A149CD /* MyApp.app */ = {isa = PBXFileReference; explicitFileType = wrapper.application; includeInIndex = 0; path = MyApp.app; sourceTree = BUILT_PRODUCTS_DIR; };
		ECF0F18B23F57F4C00A149CD /* AppDelegate.swift */ = {isa = PBXFileReference; lastKnownFileType = sourcecode.swift; path = AppDelegate.swift; sourceTree = "<group>"; };
		ECF0F18D23F57F4C00A149CD /* SceneDelegate.swift */ = {isa = PBXFileReference; lastKnownFileType = sourcecode.swift; path = SceneDelegate.swift; sourceTree = "<group>"; };
		ECF0F18F23F57F4C00A149CD /* ViewController.swift */ = {isa = PBXFileReference; lastKnownFileType = sourcecode.swift; path = ViewController.swift; sourceTree = "<group>"; };
		ECF0F19223F57F4C00A149CD /* Base */ = {isa = PBXFileReference; lastKnownFileType = file.storyboard; name = Base; path = Base.lproj/Main.storyboard; sourceTree = "<group>"; };
		ECF0F19423F57F4E00A149CD /* Assets.xcassets */ = {isa = PBXFileReference; lastKnownFileType = folder.assetcatalog; path = Assets.xcassets; sourceTree = "<group>"; };
		ECF0F19723F57F4E00A149CD /* Base */ = {isa = PBXFileReference; lastKnownFileType = file.storyboard; name = Base; path = Base.lproj/LaunchScreen.storyboard; sourceTree = "<group>"; };
		ECF0F19923F57F4E00A149CD /* Info.plist */ = {isa = PBXFileReference; lastKnownFileType = text.plist.xml; path = Info.plist; sourceTree = "<group>"; };
		ECF0F19E23F57F4E00A149CD /* MyAppTests.xctest */ = {isa = PBXFileReference; explicitFileType = wrapper.cfbundle; includeInIndex = 0; path = MyAppTests.xctest; sourceTree = BUILT_PRODUCTS_DIR; };
		ECF0F1A223F57F4E00A149CD /* MyAppTests.swift */ = {isa = PBXFileReference; lastKnownFileType = sourcecode.swift; path = MyAppTests.swift; sourceTree = "<group>"; };
		ECF0F1A423F57F4E00A149CD /* Info.plist */ = {isa = PBXFileReference; lastKnownFileType = text.plist.xml; path = Info.plist; sourceTree = "<group>"; };
		ECF0F1A923F57F4E00A149CD /* MyAppUITests.xctest */ = {isa = PBXFileReference; explicitFileType = wrapper.cfbundle; includeInIndex = 0; path = MyAppUITests.xctest; sourceTree = BUILT_PRODUCTS_DIR; };
		ECF0F1AD23F57F4E00A149CD /* MyAppUITests.swift */ = {isa = PBXFileReference; lastKnownFileType = sourcecode.swift; path = MyAppUITests.swift; sourceTree = "<group>"; };
		ECF0F1AF23F57F4E00A149CD /* Info.plist */ = {isa = PBXFileReference; lastKnownFileType = text.plist.xml; path = Info.plist; sourceTree = "<group>"; };
/* End PBXFileReference section */

/* Begin PBXFrameworksBuildPhase section */
		ECF0F18523F57F4C00A149CD /* Frameworks */ = {
			isa = PBXFrameworksBuildPhase;
			buildActionMask = 2147483647;
			files = (
			);
			runOnlyForDeploymentPostprocessing = 0;
		};
		ECF0F19B23F57F4E00A149CD /* Frameworks */ = {
			isa = PBXFrameworksBuildPhase;
			buildActionMask = 2147483647;
			files = (
			);
			runOnlyForDeploymentPostprocessing = 0;
		};
		ECF0F1A623F57F4E00A149CD /* Frameworks */ = {
			isa = PBXFrameworksBuildPhase;
			buildActionMask = 2147483647;
			files = (
			);
			runOnlyForDeploymentPostprocessing = 0;
		};
/* End PBXFrameworksBuildPhase section */

/* Begin PBXGroup section */
		ECF0F17F23F57F4C00A149CD = {
			isa = PBXGroup;
			children = (
				ECF0F18A23F57F4C00A149CD /* MyApp */,
				ECF0F1A123F57F4E00A149CD /* MyAppTests */,
				ECF0F1AC23F57F4E00A149CD /* MyAppUITests */,
				ECF0F18923F57F4C00A149CD /* Products */,
			);
			sourceTree = "<group>";
		};
		ECF0F18923F57F4C00A149CD /* Products */ = {
			isa = PBXGroup;
			children = (
				ECF0F18823F57F4C00A149CD /* MyApp.app */,
				ECF0F19E23F57F4E00A149CD /* MyAppTests.xctest */,
				ECF0F1A923F57F4E00A149CD /* MyAppUITests.xctest */,
			);
			name = Products;
			sourceTree = "<group>";
		};
		ECF0F18A23F57F4C00A149CD /* MyApp */ = {
			isa = PBXGroup;
			children = (
				ECF0F18B23F57F4C00A149CD /* AppDelegate.swift */,
				ECF0F18D23F57F4C00A149CD /* SceneDelegate.swift */,
				ECF0F18F23F57F4C00A149CD /* ViewController.swift */,
				ECF0F19123F57F4C00A149CD /* Main.storyboard */,
				ECF0F19423F57F4E00A149CD /* Assets.xcassets */,
				ECF0F19623F57F4E00A149CD /* LaunchScreen.storyboard */,
				ECF0F19923F57F4E00A149CD /* Info.plist */,
			);
			path = MyApp;
			sourceTree = "<group>";
		};
		ECF0F1A123F57F4E00A149CD /* MyAppTests */ = {
			isa = PBXGroup;
			children = (
				ECF0F1A223F57F4E00A149CD /* MyAppTests.swift */,
				ECF0F1A423F57F4E00A149CD /* Info.plist */,
			);
			path = MyAppTests;
			sourceTree = "<group>";
		};
		ECF0F1AC23F57F4E00A149CD /* MyAppUITests */ = {
			isa = PBXGroup;
			children = (
				ECF0F1AD23F57F4E00A149CD /* MyAppUITests.swift */,
				ECF0F1AF23F57F4E00A149CD /* Info.plist */,
			);
			path = MyAppUITests;
			sourceTree = "<group>";
		};
/* End PBXGroup section */

/* Begin PBXNativeTarget section */
		ECF0F18723F57F4C00A149CD /* MyApp */ = {
			isa = PBXNativeTarget;
			buildConfigurationList = ECF0F1B223F57F4E00A149CD /* Build configuration list for PBXNativeTarget "MyApp" */;
			buildPhases = (
				ECF0F18423F57F4C00A149CD /* Sources */,
				ECF0F18523F57F4C00A149CD /* Frameworks */,
				ECF0F18623F57F4C00A149CD /* Resources */,
			);
			buildRules = (
			);
			dependencies = (
			);
			name = MyApp;
			productName = MyApp;
			productReference = ECF0F18823F57F4C00A149CD /* MyApp.app */;
			productType = "com.apple.product-type.application";
		};
		ECF0F19D23F57F4E00A149CD /* MyAppTests */ = {
			isa = PBXNativeTarget;
			buildConfigurationList = ECF0F1B523F57F4E00A149CD /* Build configuration list for PBXNativeTarget "MyAppTests" */;
			buildPhases = (
				ECF0F19A23F57F4E00A149CD /* Sources */,
				ECF0F19B23F57F4E00A149CD /* Frameworks */,
				ECF0F19C23F57F4E00A149CD /* Resources */,
			);
			buildRules = (
			);
			dependencies = (
				ECF0F1A023F57F4E00A149CD /* PBXTargetDependency */,
			);
			name = MyAppTests;
			productName = MyAppTests;
			productReference = ECF0F19E23F57F4E00A149CD /* MyAppTests.xctest */;
			productType = "com.apple.product-type.bundle.unit-test";
		};
		ECF0F1A823F57F4E00A149CD /* MyAppUITests */ = {
			isa = PBXNativeTarget;
			buildConfigurationList = ECF0F1B823F57F4E00A149CD /* Build configuration list for PBXNativeTarget "MyAppUITests" */;
			buildPhases = (
				ECF0F1A523F57F4E00A149CD /* Sources */,
				ECF0F1A623F57F4E00A149CD /* Frameworks */,
				ECF0F1A723F57F4E00A149CD /* Resources */,
			);
			buildRules = (
			);
			dependencies = (
				ECF0F1AB23F57F4E00A149CD /* PBXTargetDependency */,
			);
			name = MyAppUITests;
			productName = MyAppUITests;
			productReference = ECF0F1A923F57F4E00A149CD /* MyAppUITests.xctest */;
			productType = "com.apple.product-type.bundle.ui-testing";
		};
/* End PBXNativeTarget section */

/* Begin PBXProject section */
		ECF0F18023F57F4C00A149CD /* Project object */ = {
			isa = PBXProject;
			attributes = {
				LastSwiftUpdateCheck = 1130;
				LastUpgradeCheck = 1130;
				ORGANIZATIONNAME = "Komai Toshihiko";
				TargetAttributes = {
					ECF0F18723F57F4C00A149CD = {
						CreatedOnToolsVersion = 11.3.1;
					};
					ECF0F19D23F57F4E00A149CD = {
						CreatedOnToolsVersion = 11.3.1;
						TestTargetID = ECF0F18723F57F4C00A149CD;
					};
					ECF0F1A823F57F4E00A149CD = {
						CreatedOnToolsVersion = 11.3.1;
						TestTargetID = ECF0F18723F57F4C00A149CD;
					};
				};
			};
			buildConfigurationList = ECF0F18323F57F4C00A149CD /* Build configuration list for PBXProject "MyApp" */;
			compatibilityVersion = "Xcode 9.3";
			developmentRegion = en;
			hasScannedForEncodings = 0;
			knownRegions = (
				en,
				Base,
			);
			mainGroup = ECF0F17F23F57F4C00A149CD;
			productRefGroup = ECF0F18923F57F4C00A149CD /* Products */;
			projectDirPath = "";
			projectRoot = "";
			targets = (
				ECF0F18723F57F4C00A149CD /* MyApp */,
				ECF0F19D23F57F4E00A149CD /* MyAppTests */,
				ECF0F1A823F57F4E00A149CD /* MyAppUITests */,
			);
		};
/* End PBXProject section */

/* Begin PBXResourcesBuildPhase section */
		ECF0F18623F57F4C00A149CD /* Resources */ = {
			isa = PBXResourcesBuildPhase;
			buildActionMask = 2147483647;
			files = (
				ECF0F19823F57F4E00A149CD /* LaunchScreen.storyboard in Resources */,
				ECF0F19523F57F4E00A149CD /* Assets.xcassets in Resources */,
				ECF0F19323F57F4C00A149CD /* Main.storyboard in Resources */,
			);
			runOnlyForDeploymentPostprocessing = 0;
		};
		ECF0F19C23F57F4E00A149CD /* Resources */ = {
			isa = PBXResourcesBuildPhase;
			buildActionMask = 2147483647;
			files = (
			);
			runOnlyForDeploymentPostprocessing = 0;
		};
		ECF0F1A723F57F4E00A149CD /* Resources */ = {
			isa = PBXResourcesBuildPhase;
			buildActionMask = 2147483647;
			files = (
			);
			runOnlyForDeploymentPostprocessing = 0;
		};
/* End PBXResourcesBuildPhase section */

/* Begin PBXSourcesBuildPhase section */
		ECF0F18423F57F4C00A149CD /* Sources */ = {
			isa = PBXSourcesBuildPhase;
			buildActionMask = 2147483647;
			files = (
				ECF0F19023F57F4C00A149CD /* ViewController.swift in Sources */,
				ECF0F18C23F57F4C00A149CD /* AppDelegate.swift in Sources */,
				ECF0F18E23F57F4C00A149CD /* SceneDelegate.swift in Sources */,
			);
			runOnlyForDeploymentPostprocessing = 0;
		};
		ECF0F19A23F57F4E00A149CD /* Sources */ = {
			isa = PBXSourcesBuildPhase;
			buildActionMask = 2147483647;
			files = (
				ECF0F1A323F57F4E00A149CD /* MyAppTests.swift in Sources */,
			);
			runOnlyForDeploymentPostprocessing = 0;
		};
		ECF0F1A523F57F4E00A149CD /* Sources */ = {
			isa = PBXSourcesBuildPhase;
			buildActionMask = 2147483647;
			files = (
				ECF0F1AE23F57F4E00A149CD /* MyAppUITests.swift in Sources */,
			);
			runOnlyForDeploymentPostprocessing = 0;
		};
/* End PBXSourcesBuildPhase section */

/* Begin PBXTargetDependency section */
		ECF0F1A023F57F4E00A149CD /* PBXTargetDependency */ = {
			isa = PBXTargetDependency;
			target = ECF0F18723F57F4C00A149CD /* MyApp */;
			targetProxy = ECF0F19F23F57F4E00A149CD /* PBXContainerItemProxy */;
		};
		ECF0F1AB23F57F4E00A149CD /* PBXTargetDependency */ = {
			isa = PBXTargetDependency;
			target = ECF0F18723F57F4C00A149CD /* MyApp */;
			targetProxy = ECF0F1AA23F57F4E00A149CD /* PBXContainerItemProxy */;
		};
/* End PBXTargetDependency section */

/* Begin PBXVariantGroup section */
		ECF0F19123F57F4C00A149CD /* Main.storyboard */ = {
			isa = PBXVariantGroup;
			children = (
				ECF0F19223F57F4C00A149CD /* Base */,
			);
			name = Main.storyboard;
			sourceTree = "<group>";
		};
		ECF0F19623F57F4E00A149CD /* LaunchScreen.storyboard */ = {
			isa = PBXVariantGroup;
			children = (
				ECF0F19723F57F4E00A149CD /* Base */,
			);
			name = LaunchScreen.storyboard;
			sourceTree = "<group>";
		};
/* End PBXVariantGroup section */

/* Begin XCBuildConfiguration section */
		ECF0F1B023F57F4E00A149CD /* Debug */ = {
			isa = XCBuildConfiguration;
			buildSettings = {
				ALWAYS_SEARCH_USER_PATHS = NO;
				CLANG_ANALYZER_NONNULL = YES;
				CLANG_ANALYZER_NUMBER_OBJECT_CONVERSION = YES_AGGRESSIVE;
				CLANG_CXX_LANGUAGE_STANDARD = "gnu++14";
				CLANG_CXX_LIBRARY = "libc++";
				CLANG_ENABLE_MODULES = YES;
				CLANG_ENABLE_OBJC_ARC = YES;
				CLANG_ENABLE_OBJC_WEAK = YES;
				CLANG_WARN_BLOCK_CAPTURE_AUTORELEASING = YES;
				CLANG_WARN_BOOL_CONVERSION = YES;
				CLANG_WARN_COMMA = YES;
				CLANG_WARN_CONSTANT_CONVERSION = YES;
				CLANG_WARN_DEPRECATED_OBJC_IMPLEMENTATIONS = YES;
				CLANG_WARN_DIRECT_OBJC_ISA_USAGE = YES_ERROR;
				CLANG_WARN_DOCUMENTATION_COMMENTS = YES;
				CLANG_WARN_EMPTY_BODY = YES;
				CLANG_WARN_ENUM_CONVERSION = YES;
				CLANG_WARN_INFINITE_RECURSION = YES;
				CLANG_WARN_INT_CONVERSION = YES;
				CLANG_WARN_NON_LITERAL_NULL_CONVERSION = YES;
				CLANG_WARN_OBJC_IMPLICIT_RETAIN_SELF = YES;
				CLANG_WARN_OBJC_LITERAL_CONVERSION = YES;
				CLANG_WARN_OBJC_ROOT_CLASS = YES_ERROR;
				CLANG_WARN_RANGE_LOOP_ANALYSIS = YES;
				CLANG_WARN_STRICT_PROTOTYPES = YES;
				CLANG_WARN_SUSPICIOUS_MOVE = YES;
				CLANG_WARN_UNGUARDED_AVAILABILITY = YES_AGGRESSIVE;
				CLANG_WARN_UNREACHABLE_CODE = YES;
				CLANG_WARN__DUPLICATE_METHOD_MATCH = YES;
				COPY_PHASE_STRIP = NO;
				DEBUG_INFORMATION_FORMAT = dwarf;
				ENABLE_STRICT_OBJC_MSGSEND = YES;
				ENABLE_TESTABILITY = YES;
				GCC_C_LANGUAGE_STANDARD = gnu11;
				GCC_DYNAMIC_NO_PIC = NO;
				GCC_NO_COMMON_BLOCKS = YES;
				GCC_OPTIMIZATION_LEVEL = 0;
				GCC_PREPROCESSOR_DEFINITIONS = (
					"DEBUG=1",
					"$(inherited)",
				);
				GCC_WARN_64_TO_32_BIT_CONVERSION = YES;
				GCC_WARN_ABOUT_RETURN_TYPE = YES_ERROR;
				GCC_WARN_UNDECLARED_SELECTOR = YES;
				GCC_WARN_UNINITIALIZED_AUTOS = YES_AGGRESSIVE;
				GCC_WARN_UNUSED_FUNCTION = YES;
				GCC_WARN_UNUSED_VARIABLE = YES;
				IPHONEOS_DEPLOYMENT_TARGET = 13.2;
				MTL_ENABLE_DEBUG_INFO = INCLUDE_SOURCE;
				MTL_FAST_MATH = YES;
				ONLY_ACTIVE_ARCH = YES;
				SDKROOT = iphoneos;
				SWIFT_ACTIVE_COMPILATION_CONDITIONS = DEBUG;
				SWIFT_OPTIMIZATION_LEVEL = "-Onone";
			};
			name = Debug;
		};
		ECF0F1B123F57F4E00A149CD /* Release */ = {
			isa = XCBuildConfiguration;
			buildSettings = {
				ALWAYS_SEARCH_USER_PATHS = NO;
				CLANG_ANALYZER_NONNULL = YES;
				CLANG_ANALYZER_NUMBER_OBJECT_CONVERSION = YES_AGGRESSIVE;
				CLANG_CXX_LANGUAGE_STANDARD = "gnu++14";
				CLANG_CXX_LIBRARY = "libc++";
				CLANG_ENABLE_MODULES = YES;
				CLANG_ENABLE_OBJC_ARC = YES;
				CLANG_ENABLE_OBJC_WEAK = YES;
				CLANG_WARN_BLOCK_CAPTURE_AUTORELEASING = YES;
				CLANG_WARN_BOOL_CONVERSION = YES;
				CLANG_WARN_COMMA = YES;
				CLANG_WARN_CONSTANT_CONVERSION = YES;
				CLANG_WARN_DEPRECATED_OBJC_IMPLEMENTATIONS = YES;
				CLANG_WARN_DIRECT_OBJC_ISA_USAGE = YES_ERROR;
				CLANG_WARN_DOCUMENTATION_COMMENTS = YES;
				CLANG_WARN_EMPTY_BODY = YES;
				CLANG_WARN_ENUM_CONVERSION = YES;
				CLANG_WARN_INFINITE_RECURSION = YES;
				CLANG_WARN_INT_CONVERSION = YES;
				CLANG_WARN_NON_LITERAL_NULL_CONVERSION = YES;
				CLANG_WARN_OBJC_IMPLICIT_RETAIN_SELF = YES;
				CLANG_WARN_OBJC_LITERAL_CONVERSION = YES;
				CLANG_WARN_OBJC_ROOT_CLASS = YES_ERROR;
				CLANG_WARN_RANGE_LOOP_ANALYSIS = YES;
				CLANG_WARN_STRICT_PROTOTYPES = YES;
				CLANG_WARN_SUSPICIOUS_MOVE = YES;
				CLANG_WARN_UNGUARDED_AVAILABILITY = YES_AGGRESSIVE;
				CLANG_WARN_UNREACHABLE_CODE = YES;
				CLANG_WARN__DUPLICATE_METHOD_MATCH = YES;
				COPY_PHASE_STRIP = NO;
				DEBUG_INFORMATION_FORMAT = "dwarf-with-dsym";
				ENABLE_NS_ASSERTIONS = NO;
				ENABLE_STRICT_OBJC_MSGSEND = YES;
				GCC_C_LANGUAGE_STANDARD = gnu11;
				GCC_NO_COMMON_BLOCKS = YES;
				GCC_WARN_64_TO_32_BIT_CONVERSION = YES;
				GCC_WARN_ABOUT_RETURN_TYPE = YES_ERROR;
				GCC_WARN_UNDECLARED_SELECTOR = YES;
				GCC_WARN_UNINITIALIZED_AUTOS = YES_AGGRESSIVE;
				GCC_WARN_UNUSED_FUNCTION = YES;
				GCC_WARN_UNUSED_VARIABLE = YES;
				IPHONEOS_DEPLOYMENT_TARGET = 13.2;
				MTL_ENABLE_DEBUG_INFO = NO;
				MTL_FAST_MATH = YES;
				SDKROOT = iphoneos;
				SWIFT_COMPILATION_MODE = wholemodule;
				SWIFT_OPTIMIZATION_LEVEL = "-O";
				VALIDATE_PRODUCT = YES;
			};
			name = Release;
		};
		ECF0F1B323F57F4E00A149CD /* Debug */ = {
			isa = XCBuildConfiguration;
			buildSettings = {
				ASSETCATALOG_COMPILER_APPICON_NAME = AppIcon;
				CODE_SIGN_STYLE = Automatic;
				DEVELOPMENT_TEAM = N8HC49A4WY;
				INFOPLIST_FILE = MyApp/Info.plist;
				LD_RUNPATH_SEARCH_PATHS = (
					"$(inherited)",
					"@executable_path/Frameworks",
				);
				PRODUCT_BUNDLE_IDENTIFIER = jp.komaEducation.MyApp;
				PRODUCT_NAME = "$(TARGET_NAME)";
				SWIFT_VERSION = 5.0;
				TARGETED_DEVICE_FAMILY = "1,2";
			};
			name = Debug;
		};
		ECF0F1B423F57F4E00A149CD /* Release */ = {
			isa = XCBuildConfiguration;
			buildSettings = {
				ASSETCATALOG_COMPILER_APPICON_NAME = AppIcon;
				CODE_SIGN_STYLE = Automatic;
				DEVELOPMENT_TEAM = N8HC49A4WY;
				INFOPLIST_FILE = MyApp/Info.plist;
				LD_RUNPATH_SEARCH_PATHS = (
					"$(inherited)",
					"@executable_path/Frameworks",
				);
				PRODUCT_BUNDLE_IDENTIFIER = jp.komaEducation.MyApp;
				PRODUCT_NAME = "$(TARGET_NAME)";
				SWIFT_VERSION = 5.0;
				TARGETED_DEVICE_FAMILY = "1,2";
			};
			name = Release;
		};
		ECF0F1B623F57F4E00A149CD /* Debug */ = {
			isa = XCBuildConfiguration;
			buildSettings = {
				ALWAYS_EMBED_SWIFT_STANDARD_LIBRARIES = YES;
				BUNDLE_LOADER = "$(TEST_HOST)";
				CODE_SIGN_STYLE = Automatic;
				DEVELOPMENT_TEAM = N8HC49A4WY;
				INFOPLIST_FILE = MyAppTests/Info.plist;
				IPHONEOS_DEPLOYMENT_TARGET = 13.2;
				LD_RUNPATH_SEARCH_PATHS = (
					"$(inherited)",
					"@executable_path/Frameworks",
					"@loader_path/Frameworks",
				);
				PRODUCT_BUNDLE_IDENTIFIER = jp.komaEducation.MyAppTests;
				PRODUCT_NAME = "$(TARGET_NAME)";
				SWIFT_VERSION = 5.0;
				TARGETED_DEVICE_FAMILY = "1,2";
				TEST_HOST = "$(BUILT_PRODUCTS_DIR)/MyApp.app/MyApp";
			};
			name = Debug;
		};
		ECF0F1B723F57F4E00A149CD /* Release */ = {
			isa = XCBuildConfiguration;
			buildSettings = {
				ALWAYS_EMBED_SWIFT_STANDARD_LIBRARIES = YES;
				BUNDLE_LOADER = "$(TEST_HOST)";
				CODE_SIGN_STYLE = Automatic;
				DEVELOPMENT_TEAM = N8HC49A4WY;
				INFOPLIST_FILE = MyAppTests/Info.plist;
				IPHONEOS_DEPLOYMENT_TARGET = 13.2;
				LD_RUNPATH_SEARCH_PATHS = (
					"$(inherited)",
					"@executable_path/Frameworks",
					"@loader_path/Frameworks",
				);
				PRODUCT_BUNDLE_IDENTIFIER = jp.komaEducation.MyAppTests;
				PRODUCT_NAME = "$(TARGET_NAME)";
				SWIFT_VERSION = 5.0;
				TARGETED_DEVICE_FAMILY = "1,2";
				TEST_HOST = "$(BUILT_PRODUCTS_DIR)/MyApp.app/MyApp";
			};
			name = Release;
		};
		ECF0F1B923F57F4E00A149CD /* Debug */ = {
			isa = XCBuildConfiguration;
			buildSettings = {
				ALWAYS_EMBED_SWIFT_STANDARD_LIBRARIES = YES;
				CODE_SIGN_STYLE = Automatic;
				DEVELOPMENT_TEAM = N8HC49A4WY;
				INFOPLIST_FILE = MyAppUITests/Info.plist;
				LD_RUNPATH_SEARCH_PATHS = (
					"$(inherited)",
					"@executable_path/Frameworks",
					"@loader_path/Frameworks",
				);
				PRODUCT_BUNDLE_IDENTIFIER = jp.komaEducation.MyAppUITests;
				PRODUCT_NAME = "$(TARGET_NAME)";
				SWIFT_VERSION = 5.0;
				TARGETED_DEVICE_FAMILY = "1,2";
				TEST_TARGET_NAME = MyApp;
			};
			name = Debug;
		};
		ECF0F1BA23F57F4E00A149CD /* Release */ = {
			isa = XCBuildConfiguration;
			buildSettings = {
				ALWAYS_EMBED_SWIFT_STANDARD_LIBRARIES = YES;
				CODE_SIGN_STYLE = Automatic;
				DEVELOPMENT_TEAM = N8HC49A4WY;
				INFOPLIST_FILE = MyAppUITests/Info.plist;
				LD_RUNPATH_SEARCH_PATHS = (
					"$(inherited)",
					"@executable_path/Frameworks",
					"@loader_path/Frameworks",
				);
				PRODUCT_BUNDLE_IDENTIFIER = jp.komaEducation.MyAppUITests;
				PRODUCT_NAME = "$(TARGET_NAME)";
				SWIFT_VERSION = 5.0;
				TARGETED_DEVICE_FAMILY = "1,2";
				TEST_TARGET_NAME = MyApp;
			};
			name = Release;
		};
/* End XCBuildConfiguration section */

/* Begin XCConfigurationList section */
		ECF0F18323F57F4C00A149CD /* Build configuration list for PBXProject "MyApp" */ = {
			isa = XCConfigurationList;
			buildConfigurations = (
				ECF0F1B023F57F4E00A149CD /* Debug */,
				ECF0F1B123F57F4E00A149CD /* Release */,
			);
			defaultConfigurationIsVisible = 0;
			defaultConfigurationName = Release;
		};
		ECF0F1B223F57F4E00A149CD /* Build configuration list for PBXNativeTarget "MyApp" */ = {
			isa = XCConfigurationList;
			buildConfigurations = (
				ECF0F1B323F57F4E00A149CD /* Debug */,
				ECF0F1B423F57F4E00A149CD /* Release */,
			);
			defaultConfigurationIsVisible = 0;
			defaultConfigurationName = Release;
		};
		ECF0F1B523F57F4E00A149CD /* Build configuration list for PBXNativeTarget "MyAppTests" */ = {
			isa = XCConfigurationList;
			buildConfigurations = (
				ECF0F1B623F57F4E00A149CD /* Debug */,
				ECF0F1B723F57F4E00A149CD /* Release */,
			);
			defaultConfigurationIsVisible = 0;
			defaultConfigurationName = Release;
		};
		ECF0F1B823F57F4E00A149CD /* Build configuration list for PBXNativeTarget "MyAppUITests" */ = {
			isa = XCConfigurationList;
			buildConfigurations = (
				ECF0F1B923F57F4E00A149CD /* Debug */,
				ECF0F1BA23F57F4E00A149CD /* Release */,
			);
			defaultConfigurationIsVisible = 0;
			defaultConfigurationName = Release;
		};
/* End XCConfigurationList section */
	};
	rootObject = ECF0F18023F57F4C00A149CD /* Project object */;
}
